
Microsoft Visual Studio Solution File, Format Version 12.00
# Visual Studio Version 17
VisualStudioVersion = 17.10.35122.118
MinimumVisualStudioVersion = 10.0.40219.1
Project("{FAE04EC0-301F-11D3-BF4B-00C04F79EFBC}") = "PageLifeCycleDemo", "PageLifeCycleDemo\PageLifeCycleDemo.csproj", "{4F962BFC-CC1B-4434-A72C-074FCD0BC2C7}"
EndProject
Global
	GlobalSection(SolutionConfigurationPlatforms) = preSolution
		Debug|Any CPU = Debug|Any CPU
		Release|Any CPU = Release|Any CPU
	EndGlobalSection
	GlobalSection(ProjectConfigurationPlatforms) = postSolution
		{4F962BFC-CC1B-4434-A72C-074FCD0BC2C7}.Debug|Any CPU.ActiveCfg = Debug|Any CPU
		{4F962BFC-CC1B-4434-A72C-074FCD0BC2C7}.Debug|Any CPU.Build.0 = Debug|Any CPU
		{4F962BFC-CC1B-4434-A72C-074FCD0BC2C7}.Release|Any CPU.ActiveCfg = Release|Any CPU
		{4F962BFC-CC1B-4434-A72C-074FCD0BC2C7}.Release|Any CPU.Build.0 = Release|Any CPU
	EndGlobalSection
	GlobalSection(SolutionProperties) = preSolution
		HideSolutionNode = FALSE
	EndGlobalSection
	GlobalSection(ExtensibilityGlobals) = postSolution
		SolutionGuid = {3CE3793F-6CA7-46FD-B0EA-8C2BCED6488A}
	EndGlobalSection
EndGlobal
